
Microsoft Visual Studio Solution File, Format Version 12.00
# Visual Studio 2013
VisualStudioVersion = 12.0.30219.0
MinimumVisualStudioVersion = 10.0.40219.1
Project("{FAE04EC0-301F-11D3-BF4B-00C04F79EFBC}") = "TheCommLine", "TheCommLine\TheCommLine.csproj", "{B0177BC1-7694-4BE7-8894-49CFD5ADC062}"
EndProject
Project("{FAE04EC0-301F-11D3-BF4B-00C04F79EFBC}") = "TheCommLine.Tests", "TheCommLine.Tests\TheCommLine.Tests.csproj", "{D706A60F-7C93-416E-83F0-D90796A7793A}"
EndProject
Project("{FAE04EC0-301F-11D3-BF4B-00C04F79EFBC}") = "TheCommLine.Data", "TheCommLine.Data\TheCommLine.Data.csproj", "{6564140D-2262-482B-9198-231D17C028FF}"
EndProject
Global
	GlobalSection(TeamFoundationVersionControl) = preSolution
		SccNumberOfProjects = 4
		SccEnterpriseProvider = {4CA58AB2-18FA-4F8D-95D4-32DDF27D184C}
		SccTeamFoundationServer = https://officeextreme.visualstudio.com/defaultcollection
		SccLocalPath0 = .
		SccProjectUniqueName1 = TheCommLine.Tests\\TheCommLine.Tests.csproj
		SccProjectName1 = TheCommLine.Tests
		SccLocalPath1 = TheCommLine.Tests
		SccProjectUniqueName2 = TheCommLine\\TheCommLine.csproj
		SccProjectName2 = TheCommLine
		SccLocalPath2 = TheCommLine
		SccProjectUniqueName3 = TheCommLine.Data\\TheCommLine.Data.csproj
		SccProjectName3 = TheCommLine.Data
		SccLocalPath3 = TheCommLine.Data
	EndGlobalSection
	GlobalSection(SolutionConfigurationPlatforms) = preSolution
		Debug|Any CPU = Debug|Any CPU
		Release|Any CPU = Release|Any CPU
	EndGlobalSection
	GlobalSection(ProjectConfigurationPlatforms) = postSolution
		{B0177BC1-7694-4BE7-8894-49CFD5ADC062}.Debug|Any CPU.ActiveCfg = Debug|Any CPU
		{B0177BC1-7694-4BE7-8894-49CFD5ADC062}.Debug|Any CPU.Build.0 = Debug|Any CPU
		{B0177BC1-7694-4BE7-8894-49CFD5ADC062}.Release|Any CPU.ActiveCfg = Release|Any CPU
		{B0177BC1-7694-4BE7-8894-49CFD5ADC062}.Release|Any CPU.Build.0 = Release|Any CPU
		{D706A60F-7C93-416E-83F0-D90796A7793A}.Debug|Any CPU.ActiveCfg = Debug|Any CPU
		{D706A60F-7C93-416E-83F0-D90796A7793A}.Debug|Any CPU.Build.0 = Debug|Any CPU
		{D706A60F-7C93-416E-83F0-D90796A7793A}.Release|Any CPU.ActiveCfg = Release|Any CPU
		{D706A60F-7C93-416E-83F0-D90796A7793A}.Release|Any CPU.Build.0 = Release|Any CPU
		{6564140D-2262-482B-9198-231D17C028FF}.Debug|Any CPU.ActiveCfg = Debug|Any CPU
		{6564140D-2262-482B-9198-231D17C028FF}.Debug|Any CPU.Build.0 = Debug|Any CPU
		{6564140D-2262-482B-9198-231D17C028FF}.Release|Any CPU.ActiveCfg = Release|Any CPU
		{6564140D-2262-482B-9198-231D17C028FF}.Release|Any CPU.Build.0 = Release|Any CPU
	EndGlobalSection
	GlobalSection(SolutionProperties) = preSolution
		HideSolutionNode = FALSE
	EndGlobalSection
EndGlobal
